
Microsoft Visual Studio Solution File, Format Version 12.00
Project("{FAE04EC0-301F-11D3-BF4B-00C04F79EFBC}") = "Mission11Stokes", "Mission11Stokes.csproj", "{2E0518B4-0F81-4C03-B45F-9042AEE4A35D}"
EndProject
Global
	GlobalSection(SolutionConfigurationPlatforms) = preSolution
		Debug|Any CPU = Debug|Any CPU
		Release|Any CPU = Release|Any CPU
	EndGlobalSection
	GlobalSection(ProjectConfigurationPlatforms) = postSolution
		{2E0518B4-0F81-4C03-B45F-9042AEE4A35D}.Debug|Any CPU.ActiveCfg = Debug|Any CPU
		{2E0518B4-0F81-4C03-B45F-9042AEE4A35D}.Debug|Any CPU.Build.0 = Debug|Any CPU
		{2E0518B4-0F81-4C03-B45F-9042AEE4A35D}.Release|Any CPU.ActiveCfg = Release|Any CPU
		{2E0518B4-0F81-4C03-B45F-9042AEE4A35D}.Release|Any CPU.Build.0 = Release|Any CPU
	EndGlobalSection
EndGlobal
